
Microsoft Visual Studio Solution File, Format Version 12.00
# Visual Studio Version 17
VisualStudioVersion = 17.13.35825.156 d17.13
MinimumVisualStudioVersion = 10.0.40219.1
Project("{FAE04EC0-301F-11D3-BF4B-00C04F79EFBC}") = "API_CHAT", "API_CHAT\API_CHAT.csproj", "{59368191-F916-41A0-8B3B-1F61300AFE72}"
EndProject
Global
	GlobalSection(SolutionConfigurationPlatforms) = preSolution
		Debug|Any CPU = Debug|Any CPU
		Release|Any CPU = Release|Any CPU
	EndGlobalSection
	GlobalSection(ProjectConfigurationPlatforms) = postSolution
		{59368191-F916-41A0-8B3B-1F61300AFE72}.Debug|Any CPU.ActiveCfg = Debug|Any CPU
		{59368191-F916-41A0-8B3B-1F61300AFE72}.Debug|Any CPU.Build.0 = Debug|Any CPU
		{59368191-F916-41A0-8B3B-1F61300AFE72}.Release|Any CPU.ActiveCfg = Release|Any CPU
		{59368191-F916-41A0-8B3B-1F61300AFE72}.Release|Any CPU.Build.0 = Release|Any CPU
	EndGlobalSection
	GlobalSection(SolutionProperties) = preSolution
		HideSolutionNode = FALSE
	EndGlobalSection
	GlobalSection(ExtensibilityGlobals) = postSolution
		SolutionGuid = {778ADF77-12B5-4DCA-8E1C-C4E896FF032E}
	EndGlobalSection
EndGlobal
